
Microsoft Visual Studio Solution File, Format Version 12.00
# Visual Studio Version 16
VisualStudioVersion = 16.0.31019.35
MinimumVisualStudioVersion = 10.0.40219.1
Project("{9A19103F-16F7-4668-BE54-9A1E7A4F7556}") = "Web", "Web\Web.csproj", "{FB2FE16B-4842-42A4-8C73-1F5E869A7EC6}"
EndProject
Project("{FAE04EC0-301F-11D3-BF4B-00C04F79EFBC}") = "RequestSender", "RequestSender\RequestSender.csproj", "{D59E174B-2CA2-4797-8BBB-DDF5216940F0}"
EndProject
Global
	GlobalSection(SolutionConfigurationPlatforms) = preSolution
		Debug|Any CPU = Debug|Any CPU
		Release|Any CPU = Release|Any CPU
	EndGlobalSection
	GlobalSection(ProjectConfigurationPlatforms) = postSolution
		{FB2FE16B-4842-42A4-8C73-1F5E869A7EC6}.Debug|Any CPU.ActiveCfg = Debug|Any CPU
		{FB2FE16B-4842-42A4-8C73-1F5E869A7EC6}.Debug|Any CPU.Build.0 = Debug|Any CPU
		{FB2FE16B-4842-42A4-8C73-1F5E869A7EC6}.Release|Any CPU.ActiveCfg = Release|Any CPU
		{FB2FE16B-4842-42A4-8C73-1F5E869A7EC6}.Release|Any CPU.Build.0 = Release|Any CPU
		{D59E174B-2CA2-4797-8BBB-DDF5216940F0}.Debug|Any CPU.ActiveCfg = Debug|Any CPU
		{D59E174B-2CA2-4797-8BBB-DDF5216940F0}.Debug|Any CPU.Build.0 = Debug|Any CPU
		{D59E174B-2CA2-4797-8BBB-DDF5216940F0}.Release|Any CPU.ActiveCfg = Release|Any CPU
		{D59E174B-2CA2-4797-8BBB-DDF5216940F0}.Release|Any CPU.Build.0 = Release|Any CPU
	EndGlobalSection
	GlobalSection(SolutionProperties) = preSolution
		HideSolutionNode = FALSE
	EndGlobalSection
	GlobalSection(ExtensibilityGlobals) = postSolution
		SolutionGuid = {677DE2A2-0B8F-47C5-A256-2580835E0A46}
	EndGlobalSection
EndGlobal
